
Microsoft Visual Studio Solution File, Format Version 12.00
# SQL Server Management Studio Version 21
VisualStudioVersion = 17.14.36603.0 d17.14
MinimumVisualStudioVersion = 10.0.40219.1
Project("{4F2E2C19-372F-40D8-9FA7-9D2138C6997A}") = "F1Simulator.TeamManegementService", "F1Simulator.TeamManegementService\F1Simulator.TeamManegementService.ssmssqlproj", "{A6394E20-64F7-59B7-8FD4-8C3C3527D81C}"
EndProject
Global
	GlobalSection(SolutionConfigurationPlatforms) = preSolution
		Default|Default = Default|Default
	EndGlobalSection
	GlobalSection(ProjectConfigurationPlatforms) = postSolution
		{A6394E20-64F7-59B7-8FD4-8C3C3527D81C}.Default|Default.ActiveCfg = Default
	EndGlobalSection
	GlobalSection(SolutionProperties) = preSolution
		HideSolutionNode = FALSE
	EndGlobalSection
	GlobalSection(ExtensibilityGlobals) = postSolution
		SolutionGuid = {E5D968DD-1C05-43D7-8147-7F2A08F6D1FF}
	EndGlobalSection
EndGlobal
